
Microsoft Visual Studio Solution File, Format Version 12.00
# Visual Studio Version 16
VisualStudioVersion = 16.0.31727.386
MinimumVisualStudioVersion = 10.0.40219.1
Project("{FAE04EC0-301F-11D3-BF4B-00C04F79EFBC}") = "SistemaFact", "SistemaFact.csproj", "{954FF53B-D53D-42E8-AFE1-C9188F94A26A}"
EndProject
Global
	GlobalSection(SolutionConfigurationPlatforms) = preSolution
		Debug|Any CPU = Debug|Any CPU
		Release|Any CPU = Release|Any CPU
	EndGlobalSection
	GlobalSection(ProjectConfigurationPlatforms) = postSolution
		{954FF53B-D53D-42E8-AFE1-C9188F94A26A}.Debug|Any CPU.ActiveCfg = Debug|Any CPU
		{954FF53B-D53D-42E8-AFE1-C9188F94A26A}.Debug|Any CPU.Build.0 = Debug|Any CPU
		{954FF53B-D53D-42E8-AFE1-C9188F94A26A}.Release|Any CPU.ActiveCfg = Release|Any CPU
		{954FF53B-D53D-42E8-AFE1-C9188F94A26A}.Release|Any CPU.Build.0 = Release|Any CPU
	EndGlobalSection
	GlobalSection(SolutionProperties) = preSolution
		HideSolutionNode = FALSE
	EndGlobalSection
	GlobalSection(ExtensibilityGlobals) = postSolution
		SolutionGuid = {EB7EBB1E-4C2B-4DF7-9574-EDBFB0F39211}
	EndGlobalSection
EndGlobal
